
Microsoft Visual Studio Solution File, Format Version 12.00
# Visual Studio Version 17
VisualStudioVersion = 17.14.36603.0 d17.14
MinimumVisualStudioVersion = 10.0.40219.1
Project("{FAE04EC0-301F-11D3-BF4B-00C04F79EFBC}") = "Backend", "Backend.csproj", "{B63A473B-EE4D-472D-B7B3-D43386A87A71}"
EndProject
Global
	GlobalSection(SolutionConfigurationPlatforms) = preSolution
		Debug|Any CPU = Debug|Any CPU
		Release|Any CPU = Release|Any CPU
	EndGlobalSection
	GlobalSection(ProjectConfigurationPlatforms) = postSolution
		{B63A473B-EE4D-472D-B7B3-D43386A87A71}.Debug|Any CPU.ActiveCfg = Debug|Any CPU
		{B63A473B-EE4D-472D-B7B3-D43386A87A71}.Debug|Any CPU.Build.0 = Debug|Any CPU
		{B63A473B-EE4D-472D-B7B3-D43386A87A71}.Release|Any CPU.ActiveCfg = Release|Any CPU
		{B63A473B-EE4D-472D-B7B3-D43386A87A71}.Release|Any CPU.Build.0 = Release|Any CPU
	EndGlobalSection
	GlobalSection(SolutionProperties) = preSolution
		HideSolutionNode = FALSE
	EndGlobalSection
	GlobalSection(ExtensibilityGlobals) = postSolution
		SolutionGuid = {D3B268A4-E782-412A-9DE4-8FAFB5384EA8}
	EndGlobalSection
EndGlobal
